
Microsoft Visual Studio Solution File, Format Version 12.00
# Visual Studio 15
VisualStudioVersion = 15.0.28307.421
MinimumVisualStudioVersion = 10.0.40219.1
Project("{FAE04EC0-301F-11D3-BF4B-00C04F79EFBC}") = "LinkShortener", "LinkShortener\LinkShortener.csproj", "{CA0ABA55-855D-4962-B815-7816D6299456}"
EndProject
Global
	GlobalSection(SolutionConfigurationPlatforms) = preSolution
		Debug|Any CPU = Debug|Any CPU
		Release|Any CPU = Release|Any CPU
	EndGlobalSection
	GlobalSection(ProjectConfigurationPlatforms) = postSolution
		{CA0ABA55-855D-4962-B815-7816D6299456}.Debug|Any CPU.ActiveCfg = Debug|Any CPU
		{CA0ABA55-855D-4962-B815-7816D6299456}.Debug|Any CPU.Build.0 = Debug|Any CPU
		{CA0ABA55-855D-4962-B815-7816D6299456}.Release|Any CPU.ActiveCfg = Release|Any CPU
		{CA0ABA55-855D-4962-B815-7816D6299456}.Release|Any CPU.Build.0 = Release|Any CPU
	EndGlobalSection
	GlobalSection(SolutionProperties) = preSolution
		HideSolutionNode = FALSE
	EndGlobalSection
	GlobalSection(ExtensibilityGlobals) = postSolution
		SolutionGuid = {4D7AA107-846B-4259-9D60-81C81D013783}
	EndGlobalSection
EndGlobal
